name: "vgg"
config:
    asynchronous: true
    activation: 1.0
    T1: 60 
    readout: true               
    normalization:
        neurons: 
            name: "zeros"
            config:
        weights:
            name: "goe"
            config: 
                V: 0.00008351
                alphas: []

blocks_config:

    # First block
    -   size: 32
        channel: 3
        channels: 
            - 3
            - 128
            - 256
        kernels:
            - 3
            - 3
        strides:
            - 1
            - 1
        paddings:
            - 1
            - 1
        norm: "b"
        pools: "mm"
        alphas:
            - 0.5
            - 0.5
        clamp_last: true
        fc: []
    # Second block
    -   size: 8
        channel: 256
        channels: 
            - 256
            - 256
            - 512
        kernels:
            - 3
            - 3
        strides:
            - 1
            - 1
        paddings:
            - 1
            - 1
        norm: "-"
        pools: "mm"
        alphas:
            - 0.5
            - 0.5
        clamp_last: true
        fc: []
    # Third block
    -   size: 2
        channel: 512
        channels: 
            - 512
            - 512
        kernels:
            - 3
        strides:
            - 1
        paddings:
            - 1
        norm: "-"
        pools: "-"
        alphas:
            - 0.5
            - 0.5
        clamp_last: false
        fc: 
            - 256
            - 10